// !$*UTF8*$!
{
	archiveVersion = 1;
	classes = {
	};
	objectVersion = 46;
	objects = {

/* Begin PBXBuildFile section */
		E1A264651D932C8A0058EF30 /* AppDelegate.swift in Sources */ = {isa = PBXBuildFile; fileRef = E1A264641D932C8A0058EF30 /* AppDelegate.swift */; };
		E1A264671D932C8A0058EF30 /* ViewController.swift in Sources */ = {isa = PBXBuildFile; fileRef = E1A264661D932C8A0058EF30 /* ViewController.swift */; };
		E1A2646A1D932C8A0058EF30 /* Main.storyboard in Resources */ = {isa = PBXBuildFile; fileRef = E1A264681D932C8A0058EF30 /* Main.storyboard */; };
		E1A2646C1D932C8A0058EF30 /* Assets.xcassets in Resources */ = {isa = PBXBuildFile; fileRef = E1A2646B1D932C8A0058EF30 /* Assets.xcassets */; };
		E1A2646F1D932C8A0058EF30 /* LaunchScreen.storyboard in Resources */ = {isa = PBXBuildFile; fileRef = E1A2646D1D932C8A0058EF30 /* LaunchScreen.storyboard */; };
		E1A264741D932C8A0058EF30 /* WatchText WatchKit App.app in Embed Watch Content */ = {isa = PBXBuildFile; fileRef = E1A264731D932C8A0058EF30 /* WatchText WatchKit App.app */; };
		E1A2647A1D932C8A0058EF30 /* Interface.storyboard in Resources */ = {isa = PBXBuildFile; fileRef = E1A264781D932C8A0058EF30 /* Interface.storyboard */; };
		E1A2647C1D932C8A0058EF30 /* Assets.xcassets in Resources */ = {isa = PBXBuildFile; fileRef = E1A2647B1D932C8A0058EF30 /* Assets.xcassets */; };
		E1A264831D932C8A0058EF30 /* WatchText WatchKit Extension.appex in Embed App Extensions */ = {isa = PBXBuildFile; fileRef = E1A264821D932C8A0058EF30 /* WatchText WatchKit Extension.appex */; settings = {ATTRIBUTES = (RemoveHeadersOnCopy, ); }; };
		E1A264881D932C8A0058EF30 /* InterfaceController.swift in Sources */ = {isa = PBXBuildFile; fileRef = E1A264871D932C8A0058EF30 /* InterfaceController.swift */; };
		E1A2648A1D932C8A0058EF30 /* ExtensionDelegate.swift in Sources */ = {isa = PBXBuildFile; fileRef = E1A264891D932C8A0058EF30 /* ExtensionDelegate.swift */; };
		E1A2648C1D932C8A0058EF30 /* Assets.xcassets in Resources */ = {isa = PBXBuildFile; fileRef = E1A2648B1D932C8A0058EF30 /* Assets.xcassets */; };
/* End PBXBuildFile section */

/* Begin PBXContainerItemProxy section */
		E1A264751D932C8A0058EF30 /* PBXContainerItemProxy */ = {
			isa = PBXContainerItemProxy;
			containerPortal = E1A264591D932C8A0058EF30 /* Project object */;
			proxyType = 1;
			remoteGlobalIDString = E1A264721D932C8A0058EF30;
			remoteInfo = "WatchText WatchKit App";
		};
		E1A264841D932C8A0058EF30 /* PBXContainerItemProxy */ = {
			isa = PBXContainerItemProxy;
			containerPortal = E1A264591D932C8A0058EF30 /* Project object */;
			proxyType = 1;
			remoteGlobalIDString = E1A264811D932C8A0058EF30;
			remoteInfo = "WatchText WatchKit Extension";
		};
/* End PBXContainerItemProxy section */

/* Begin PBXCopyFilesBuildPhase section */
		E1A264931D932C8A0058EF30 /* Embed App Extensions */ = {
			isa = PBXCopyFilesBuildPhase;
			buildActionMask = 2147483647;
			dstPath = "";
			dstSubfolderSpec = 13;
			files = (
				E1A264831D932C8A0058EF30 /* WatchText WatchKit Extension.appex in Embed App Extensions */,
			);
			name = "Embed App Extensions";
			runOnlyForDeploymentPostprocessing = 0;
		};
		E1A264971D932C8A0058EF30 /* Embed Watch Content */ = {
			isa = PBXCopyFilesBuildPhase;
			buildActionMask = 2147483647;
			dstPath = "$(CONTENTS_FOLDER_PATH)/Watch";
			dstSubfolderSpec = 16;
			files = (
				E1A264741D932C8A0058EF30 /* WatchText WatchKit App.app in Embed Watch Content */,
			);
			name = "Embed Watch Content";
			runOnlyForDeploymentPostprocessing = 0;
		};
/* End PBXCopyFilesBuildPhase section */

/* Begin PBXFileReference section */
		E1A264611D932C8A0058EF30 /* WatchText.app */ = {isa = PBXFileReference; explicitFileType = wrapper.application; includeInIndex = 0; path = WatchText.app; sourceTree = BUILT_PRODUCTS_DIR; };
		E1A264641D932C8A0058EF30 /* AppDelegate.swift */ = {isa = PBXFileReference; lastKnownFileType = sourcecode.swift; path = AppDelegate.swift; sourceTree = "<group>"; };
		E1A264661D932C8A0058EF30 /* ViewController.swift */ = {isa = PBXFileReference; lastKnownFileType = sourcecode.swift; path = ViewController.swift; sourceTree = "<group>"; };
		E1A264691D932C8A0058EF30 /* Base */ = {isa = PBXFileReference; lastKnownFileType = file.storyboard; name = Base; path = Base.lproj/Main.storyboard; sourceTree = "<group>"; };
		E1A2646B1D932C8A0058EF30 /* Assets.xcassets */ = {isa = PBXFileReference; lastKnownFileType = folder.assetcatalog; path = Assets.xcassets; sourceTree = "<group>"; };
		E1A2646E1D932C8A0058EF30 /* Base */ = {isa = PBXFileReference; lastKnownFileType = file.storyboard; name = Base; path = Base.lproj/LaunchScreen.storyboard; sourceTree = "<group>"; };
		E1A264701D932C8A0058EF30 /* Info.plist */ = {isa = PBXFileReference; lastKnownFileType = text.plist.xml; path = Info.plist; sourceTree = "<group>"; };
		E1A264731D932C8A0058EF30 /* WatchText WatchKit App.app */ = {isa = PBXFileReference; explicitFileType = wrapper.application; includeInIndex = 0; path = "WatchText WatchKit App.app"; sourceTree = BUILT_PRODUCTS_DIR; };
		E1A264791D932C8A0058EF30 /* Base */ = {isa = PBXFileReference; lastKnownFileType = file.storyboard; name = Base; path = Base.lproj/Interface.storyboard; sourceTree = "<group>"; };
		E1A2647B1D932C8A0058EF30 /* Assets.xcassets */ = {isa = PBXFileReference; lastKnownFileType = folder.assetcatalog; path = Assets.xcassets; sourceTree = "<group>"; };
		E1A2647D1D932C8A0058EF30 /* Info.plist */ = {isa = PBXFileReference; lastKnownFileType = text.plist.xml; path = Info.plist; sourceTree = "<group>"; };
		E1A264821D932C8A0058EF30 /* WatchText WatchKit Extension.appex */ = {isa = PBXFileReference; explicitFileType = "wrapper.app-extension"; includeInIndex = 0; path = "WatchText WatchKit Extension.appex"; sourceTree = BUILT_PRODUCTS_DIR; };
		E1A264871D932C8A0058EF30 /* InterfaceController.swift */ = {isa = PBXFileReference; lastKnownFileType = sourcecode.swift; path = InterfaceController.swift; sourceTree = "<group>"; };
		E1A264891D932C8A0058EF30 /* ExtensionDelegate.swift */ = {isa = PBXFileReference; lastKnownFileType = sourcecode.swift; path = ExtensionDelegate.swift; sourceTree = "<group>"; };
		E1A2648B1D932C8A0058EF30 /* Assets.xcassets */ = {isa = PBXFileReference; lastKnownFileType = folder.assetcatalog; path = Assets.xcassets; sourceTree = "<group>"; };
		E1A2648D1D932C8A0058EF30 /* Info.plist */ = {isa = PBXFileReference; lastKnownFileType = text.plist.xml; path = Info.plist; sourceTree = "<group>"; };
/* End PBXFileReference section */

/* Begin PBXFrameworksBuildPhase section */
		E1A2645E1D932C8A0058EF30 /* Frameworks */ = {
			isa = PBXFrameworksBuildPhase;
			buildActionMask = 2147483647;
			files = (
			);
			runOnlyForDeploymentPostprocessing = 0;
		};
		E1A2647F1D932C8A0058EF30 /* Frameworks */ = {
			isa = PBXFrameworksBuildPhase;
			buildActionMask = 2147483647;
			files = (
			);
			runOnlyForDeploymentPostprocessing = 0;
		};
/* End PBXFrameworksBuildPhase section */

/* Begin PBXGroup section */
		E1A264581D932C8A0058EF30 = {
			isa = PBXGroup;
			children = (
				E1A264631D932C8A0058EF30 /* WatchText */,
				E1A264771D932C8A0058EF30 /* WatchText WatchKit App */,
				E1A264861D932C8A0058EF30 /* WatchText WatchKit Extension */,
				E1A264621D932C8A0058EF30 /* Products */,
			);
			sourceTree = "<group>";
		};
		E1A264621D932C8A0058EF30 /* Products */ = {
			isa = PBXGroup;
			children = (
				E1A264611D932C8A0058EF30 /* WatchText.app */,
				E1A264731D932C8A0058EF30 /* WatchText WatchKit App.app */,
				E1A264821D932C8A0058EF30 /* WatchText WatchKit Extension.appex */,
			);
			name = Products;
			sourceTree = "<group>";
		};
		E1A264631D932C8A0058EF30 /* WatchText */ = {
			isa = PBXGroup;
			children = (
				E1A264641D932C8A0058EF30 /* AppDelegate.swift */,
				E1A264661D932C8A0058EF30 /* ViewController.swift */,
				E1A264681D932C8A0058EF30 /* Main.storyboard */,
				E1A2646B1D932C8A0058EF30 /* Assets.xcassets */,
				E1A2646D1D932C8A0058EF30 /* LaunchScreen.storyboard */,
				E1A264701D932C8A0058EF30 /* Info.plist */,
			);
			path = WatchText;
			sourceTree = "<group>";
		};
		E1A264771D932C8A0058EF30 /* WatchText WatchKit App */ = {
			isa = PBXGroup;
			children = (
				E1A264781D932C8A0058EF30 /* Interface.storyboard */,
				E1A2647B1D932C8A0058EF30 /* Assets.xcassets */,
				E1A2647D1D932C8A0058EF30 /* Info.plist */,
			);
			path = "WatchText WatchKit App";
			sourceTree = "<group>";
		};
		E1A264861D932C8A0058EF30 /* WatchText WatchKit Extension */ = {
			isa = PBXGroup;
			children = (
				E1A264871D932C8A0058EF30 /* InterfaceController.swift */,
				E1A264891D932C8A0058EF30 /* ExtensionDelegate.swift */,
				E1A2648B1D932C8A0058EF30 /* Assets.xcassets */,
				E1A2648D1D932C8A0058EF30 /* Info.plist */,
			);
			path = "WatchText WatchKit Extension";
			sourceTree = "<group>";
		};
/* End PBXGroup section */

/* Begin PBXNativeTarget section */
		E1A264601D932C8A0058EF30 /* WatchText */ = {
			isa = PBXNativeTarget;
			buildConfigurationList = E1A264981D932C8A0058EF30 /* Build configuration list for PBXNativeTarget "WatchText" */;
			buildPhases = (
				E1A2645D1D932C8A0058EF30 /* Sources */,
				E1A2645E1D932C8A0058EF30 /* Frameworks */,
				E1A2645F1D932C8A0058EF30 /* Resources */,
				E1A264971D932C8A0058EF30 /* Embed Watch Content */,
			);
			buildRules = (
			);
			dependencies = (
				E1A264761D932C8A0058EF30 /* PBXTargetDependency */,
			);
			name = WatchText;
			productName = WatchText;
			productReference = E1A264611D932C8A0058EF30 /* WatchText.app */;
			productType = "com.apple.product-type.application";
		};
		E1A264721D932C8A0058EF30 /* WatchText WatchKit App */ = {
			isa = PBXNativeTarget;
			buildConfigurationList = E1A264941D932C8A0058EF30 /* Build configuration list for PBXNativeTarget "WatchText WatchKit App" */;
			buildPhases = (
				E1A264711D932C8A0058EF30 /* Resources */,
				E1A264931D932C8A0058EF30 /* Embed App Extensions */,
			);
			buildRules = (
			);
			dependencies = (
				E1A264851D932C8A0058EF30 /* PBXTargetDependency */,
			);
			name = "WatchText WatchKit App";
			productName = "WatchText WatchKit App";
			productReference = E1A264731D932C8A0058EF30 /* WatchText WatchKit App.app */;
			productType = "com.apple.product-type.application.watchapp2";
		};
		E1A264811D932C8A0058EF30 /* WatchText WatchKit Extension */ = {
			isa = PBXNativeTarget;
			buildConfigurationList = E1A264901D932C8A0058EF30 /* Build configuration list for PBXNativeTarget "WatchText WatchKit Extension" */;
			buildPhases = (
				E1A2647E1D932C8A0058EF30 /* Sources */,
				E1A2647F1D932C8A0058EF30 /* Frameworks */,
				E1A264801D932C8A0058EF30 /* Resources */,
			);
			buildRules = (
			);
			dependencies = (
			);
			name = "WatchText WatchKit Extension";
			productName = "WatchText WatchKit Extension";
			productReference = E1A264821D932C8A0058EF30 /* WatchText WatchKit Extension.appex */;
			productType = "com.apple.product-type.watchkit2-extension";
		};
/* End PBXNativeTarget section */

/* Begin PBXProject section */
		E1A264591D932C8A0058EF30 /* Project object */ = {
			isa = PBXProject;
			attributes = {
				LastSwiftUpdateCheck = 0800;
				LastUpgradeCheck = 0930;
				ORGANIZATIONNAME = "Steven Lipton";
				TargetAttributes = {
					E1A264601D932C8A0058EF30 = {
						CreatedOnToolsVersion = 8.0;
						DevelopmentTeam = P6DBU8DWFF;
						LastSwiftMigration = 0900;
						ProvisioningStyle = Automatic;
					};
					E1A264721D932C8A0058EF30 = {
						CreatedOnToolsVersion = 8.0;
						LastSwiftMigration = 0900;
						ProvisioningStyle = Automatic;
					};
					E1A264811D932C8A0058EF30 = {
						CreatedOnToolsVersion = 8.0;
						LastSwiftMigration = 0900;
						ProvisioningStyle = Automatic;
					};
				};
			};
			buildConfigurationList = E1A2645C1D932C8A0058EF30 /* Build configuration list for PBXProject "WatchText" */;
			compatibilityVersion = "Xcode 3.2";
			developmentRegion = English;
			hasScannedForEncodings = 0;
			knownRegions = (
				en,
				Base,
			);
			mainGroup = E1A264581D932C8A0058EF30;
			productRefGroup = E1A264621D932C8A0058EF30 /* Products */;
			projectDirPath = "";
			projectRoot = "";
			targets = (
				E1A264601D932C8A0058EF30 /* WatchText */,
				E1A264721D932C8A0058EF30 /* WatchText WatchKit App */,
				E1A264811D932C8A0058EF30 /* WatchText WatchKit Extension */,
			);
		};
/* End PBXProject section */

/* Begin PBXResourcesBuildPhase section */
		E1A2645F1D932C8A0058EF30 /* Resources */ = {
			isa = PBXResourcesBuildPhase;
			buildActionMask = 2147483647;
			files = (
				E1A2646F1D932C8A0058EF30 /* LaunchScreen.storyboard in Resources */,
				E1A2646C1D932C8A0058EF30 /* Assets.xcassets in Resources */,
				E1A2646A1D932C8A0058EF30 /* Main.storyboard in Resources */,
			);
			runOnlyForDeploymentPostprocessing = 0;
		};
		E1A264711D932C8A0058EF30 /* Resources */ = {
			isa = PBXResourcesBuildPhase;
			buildActionMask = 2147483647;
			files = (
				E1A2647C1D932C8A0058EF30 /* Assets.xcassets in Resources */,
				E1A2647A1D932C8A0058EF30 /* Interface.storyboard in Resources */,
			);
			runOnlyForDeploymentPostprocessing = 0;
		};
		E1A264801D932C8A0058EF30 /* Resources */ = {
			isa = PBXResourcesBuildPhase;
			buildActionMask = 2147483647;
			files = (
				E1A2648C1D932C8A0058EF30 /* Assets.xcassets in Resources */,
			);
			runOnlyForDeploymentPostprocessing = 0;
		};
/* End PBXResourcesBuildPhase section */

/* Begin PBXSourcesBuildPhase section */
		E1A2645D1D932C8A0058EF30 /* Sources */ = {
			isa = PBXSourcesBuildPhase;
			buildActionMask = 2147483647;
			files = (
				E1A264671D932C8A0058EF30 /* ViewController.swift in Sources */,
				E1A264651D932C8A0058EF30 /* AppDelegate.swift in Sources */,
			);
			runOnlyForDeploymentPostprocessing = 0;
		};
		E1A2647E1D932C8A0058EF30 /* Sources */ = {
			isa = PBXSourcesBuildPhase;
			buildActionMask = 2147483647;
			files = (
				E1A2648A1D932C8A0058EF30 /* ExtensionDelegate.swift in Sources */,
				E1A264881D932C8A0058EF30 /* InterfaceController.swift in Sources */,
			);
			runOnlyForDeploymentPostprocessing = 0;
		};
/* End PBXSourcesBuildPhase section */

/* Begin PBXTargetDependency section */
		E1A264761D932C8A0058EF30 /* PBXTargetDependency */ = {
			isa = PBXTargetDependency;
			target = E1A264721D932C8A0058EF30 /* WatchText WatchKit App */;
			targetProxy = E1A264751D932C8A0058EF30 /* PBXContainerItemProxy */;
		};
		E1A264851D932C8A0058EF30 /* PBXTargetDependency */ = {
			isa = PBXTargetDependency;
			target = E1A264811D932C8A0058EF30 /* WatchText WatchKit Extension */;
			targetProxy = E1A264841D932C8A0058EF30 /* PBXContainerItemProxy */;
		};
/* End PBXTargetDependency section */

/* Begin PBXVariantGroup section */
		E1A264681D932C8A0058EF30 /* Main.storyboard */ = {
			isa = PBXVariantGroup;
			children = (
				E1A264691D932C8A0058EF30 /* Base */,
			);
			name = Main.storyboard;
			sourceTree = "<group>";
		};
		E1A2646D1D932C8A0058EF30 /* LaunchScreen.storyboard */ = {
			isa = PBXVariantGroup;
			children = (
				E1A2646E1D932C8A0058EF30 /* Base */,
			);
			name = LaunchScreen.storyboard;
			sourceTree = "<group>";
		};
		E1A264781D932C8A0058EF30 /* Interface.storyboard */ = {
			isa = PBXVariantGroup;
			children = (
				E1A264791D932C8A0058EF30 /* Base */,
			);
			name = Interface.storyboard;
			sourceTree = "<group>";
		};
/* End PBXVariantGroup section */

/* Begin XCBuildConfiguration section */
		E1A2648E1D932C8A0058EF30 /* Debug */ = {
			isa = XCBuildConfiguration;
			buildSettings = {
				ALWAYS_SEARCH_USER_PATHS = NO;
				CLANG_ANALYZER_NONNULL = YES;
				CLANG_CXX_LANGUAGE_STANDARD = "gnu++0x";
				CLANG_CXX_LIBRARY = "libc++";
				CLANG_ENABLE_MODULES = YES;
				CLANG_ENABLE_OBJC_ARC = YES;
				CLANG_WARN_BLOCK_CAPTURE_AUTORELEASING = YES;
				CLANG_WARN_BOOL_CONVERSION = YES;
				CLANG_WARN_COMMA = YES;
				CLANG_WARN_CONSTANT_CONVERSION = YES;
				CLANG_WARN_DEPRECATED_OBJC_IMPLEMENTATIONS = YES;
				CLANG_WARN_DIRECT_OBJC_ISA_USAGE = YES_ERROR;
				CLANG_WARN_DOCUMENTATION_COMMENTS = YES;
				CLANG_WARN_EMPTY_BODY = YES;
				CLANG_WARN_ENUM_CONVERSION = YES;
				CLANG_WARN_INFINITE_RECURSION = YES;
				CLANG_WARN_INT_CONVERSION = YES;
				CLANG_WARN_NON_LITERAL_NULL_CONVERSION = YES;
				CLANG_WARN_OBJC_IMPLICIT_RETAIN_SELF = YES;
				CLANG_WARN_OBJC_LITERAL_CONVERSION = YES;
				CLANG_WARN_OBJC_ROOT_CLASS = YES_ERROR;
				CLANG_WARN_RANGE_LOOP_ANALYSIS = YES;
				CLANG_WARN_STRICT_PROTOTYPES = YES;
				CLANG_WARN_SUSPICIOUS_MOVE = YES;
				CLANG_WARN_SUSPICIOUS_MOVES = YES;
				CLANG_WARN_UNREACHABLE_CODE = YES;
				CLANG_WARN__DUPLICATE_METHOD_MATCH = YES;
				"CODE_SIGN_IDENTITY[sdk=iphoneos*]" = "iPhone Developer";
				COPY_PHASE_STRIP = NO;
				DEBUG_INFORMATION_FORMAT = dwarf;
				ENABLE_STRICT_OBJC_MSGSEND = YES;
				ENABLE_TESTABILITY = YES;
				GCC_C_LANGUAGE_STANDARD = gnu99;
				GCC_DYNAMIC_NO_PIC = NO;
				GCC_NO_COMMON_BLOCKS = YES;
				GCC_OPTIMIZATION_LEVEL = 0;
				GCC_PREPROCESSOR_DEFINITIONS = (
					"DEBUG=1",
					"$(inherited)",
				);
				GCC_WARN_64_TO_32_BIT_CONVERSION = YES;
				GCC_WARN_ABOUT_RETURN_TYPE = YES_ERROR;
				GCC_WARN_UNDECLARED_SELECTOR = YES;
				GCC_WARN_UNINITIALIZED_AUTOS = YES_AGGRESSIVE;
				GCC_WARN_UNUSED_FUNCTION = YES;
				GCC_WARN_UNUSED_VARIABLE = YES;
				IPHONEOS_DEPLOYMENT_TARGET = 10.0;
				MTL_ENABLE_DEBUG_INFO = YES;
				ONLY_ACTIVE_ARCH = YES;
				SDKROOT = iphoneos;
				SWIFT_ACTIVE_COMPILATION_CONDITIONS = DEBUG;
				SWIFT_OPTIMIZATION_LEVEL = "-Onone";
				TARGETED_DEVICE_FAMILY = "1,2";
			};
			name = Debug;
		};
		E1A2648F1D932C8A0058EF30 /* Release */ = {
			isa = XCBuildConfiguration;
			buildSettings = {
				ALWAYS_SEARCH_USER_PATHS = NO;
				CLANG_ANALYZER_NONNULL = YES;
				CLANG_CXX_LANGUAGE_STANDARD = "gnu++0x";
				CLANG_CXX_LIBRARY = "libc++";
				CLANG_ENABLE_MODULES = YES;
				CLANG_ENABLE_OBJC_ARC = YES;
				CLANG_WARN_BLOCK_CAPTURE_AUTORELEASING = YES;
				CLANG_WARN_BOOL_CONVERSION = YES;
				CLANG_WARN_COMMA = YES;
				CLANG_WARN_CONSTANT_CONVERSION = YES;
				CLANG_WARN_DEPRECATED_OBJC_IMPLEMENTATIONS = YES;
				CLANG_WARN_DIRECT_OBJC_ISA_USAGE = YES_ERROR;
				CLANG_WARN_DOCUMENTATION_COMMENTS = YES;
				CLANG_WARN_EMPTY_BODY = YES;
				CLANG_WARN_ENUM_CONVERSION = YES;
				CLANG_WARN_INFINITE_RECURSION = YES;
				CLANG_WARN_INT_CONVERSION = YES;
				CLANG_WARN_NON_LITERAL_NULL_CONVERSION = YES;
				CLANG_WARN_OBJC_IMPLICIT_RETAIN_SELF = YES;
				CLANG_WARN_OBJC_LITERAL_CONVERSION = YES;
				CLANG_WARN_OBJC_ROOT_CLASS = YES_ERROR;
				CLANG_WARN_RANGE_LOOP_ANALYSIS = YES;
				CLANG_WARN_STRICT_PROTOTYPES = YES;
				CLANG_WARN_SUSPICIOUS_MOVE = YES;
				CLANG_WARN_SUSPICIOUS_MOVES = YES;
				CLANG_WARN_UNREACHABLE_CODE = YES;
				CLANG_WARN__DUPLICATE_METHOD_MATCH = YES;
				"CODE_SIGN_IDENTITY[sdk=iphoneos*]" = "iPhone Developer";
				COPY_PHASE_STRIP = NO;
				DEBUG_INFORMATION_FORMAT = "dwarf-with-dsym";
				ENABLE_NS_ASSERTIONS = NO;
				ENABLE_STRICT_OBJC_MSGSEND = YES;
				GCC_C_LANGUAGE_STANDARD = gnu99;
				GCC_NO_COMMON_BLOCKS = YES;
				GCC_WARN_64_TO_32_BIT_CONVERSION = YES;
				GCC_WARN_ABOUT_RETURN_TYPE = YES_ERROR;
				GCC_WARN_UNDECLARED_SELECTOR = YES;
				GCC_WARN_UNINITIALIZED_AUTOS = YES_AGGRESSIVE;
				GCC_WARN_UNUSED_FUNCTION = YES;
				GCC_WARN_UNUSED_VARIABLE = YES;
				IPHONEOS_DEPLOYMENT_TARGET = 10.0;
				MTL_ENABLE_DEBUG_INFO = NO;
				SDKROOT = iphoneos;
				SWIFT_OPTIMIZATION_LEVEL = "-Owholemodule";
				TARGETED_DEVICE_FAMILY = "1,2";
				VALIDATE_PRODUCT = YES;
			};
			name = Release;
		};
		E1A264911D932C8A0058EF30 /* Debug */ = {
			isa = XCBuildConfiguration;
			buildSettings = {
				ASSETCATALOG_COMPILER_COMPLICATION_NAME = Complication;
				INFOPLIST_FILE = "WatchText WatchKit Extension/Info.plist";
				LD_RUNPATH_SEARCH_PATHS = "$(inherited) @executable_path/Frameworks @executable_path/../../Frameworks";
				PRODUCT_BUNDLE_IDENTIFIER = com.makeAppPie.WatchText.watchkitapp.watchkitextension;
				PRODUCT_NAME = "${TARGET_NAME}";
				SDKROOT = watchos;
				SKIP_INSTALL = YES;
				SWIFT_SWIFT3_OBJC_INFERENCE = Default;
				SWIFT_VERSION = 4.0;
				TARGETED_DEVICE_FAMILY = 4;
				WATCHOS_DEPLOYMENT_TARGET = 3.0;
			};
			name = Debug;
		};
		E1A264921D932C8A0058EF30 /* Release */ = {
			isa = XCBuildConfiguration;
			buildSettings = {
				ASSETCATALOG_COMPILER_COMPLICATION_NAME = Complication;
				INFOPLIST_FILE = "WatchText WatchKit Extension/Info.plist";
				LD_RUNPATH_SEARCH_PATHS = "$(inherited) @executable_path/Frameworks @executable_path/../../Frameworks";
				PRODUCT_BUNDLE_IDENTIFIER = com.makeAppPie.WatchText.watchkitapp.watchkitextension;
				PRODUCT_NAME = "${TARGET_NAME}";
				SDKROOT = watchos;
				SKIP_INSTALL = YES;
				SWIFT_SWIFT3_OBJC_INFERENCE = Default;
				SWIFT_VERSION = 4.0;
				TARGETED_DEVICE_FAMILY = 4;
				WATCHOS_DEPLOYMENT_TARGET = 3.0;
			};
			name = Release;
		};
		E1A264951D932C8A0058EF30 /* Debug */ = {
			isa = XCBuildConfiguration;
			buildSettings = {
				ALWAYS_EMBED_SWIFT_STANDARD_LIBRARIES = YES;
				ASSETCATALOG_COMPILER_APPICON_NAME = AppIcon;
				IBSC_MODULE = WatchText_WatchKit_Extension;
				INFOPLIST_FILE = "WatchText WatchKit App/Info.plist";
				PRODUCT_BUNDLE_IDENTIFIER = com.makeAppPie.WatchText.watchkitapp;
				PRODUCT_NAME = "$(TARGET_NAME)";
				SDKROOT = watchos;
				SKIP_INSTALL = YES;
				SWIFT_SWIFT3_OBJC_INFERENCE = On;
				SWIFT_VERSION = 4.0;
				TARGETED_DEVICE_FAMILY = 4;
				WATCHOS_DEPLOYMENT_TARGET = 3.0;
			};
			name = Debug;
		};
		E1A264961D932C8A0058EF30 /* Release */ = {
			isa = XCBuildConfiguration;
			buildSettings = {
				ALWAYS_EMBED_SWIFT_STANDARD_LIBRARIES = YES;
				ASSETCATALOG_COMPILER_APPICON_NAME = AppIcon;
				IBSC_MODULE = WatchText_WatchKit_Extension;
				INFOPLIST_FILE = "WatchText WatchKit App/Info.plist";
				PRODUCT_BUNDLE_IDENTIFIER = com.makeAppPie.WatchText.watchkitapp;
				PRODUCT_NAME = "$(TARGET_NAME)";
				SDKROOT = watchos;
				SKIP_INSTALL = YES;
				SWIFT_SWIFT3_OBJC_INFERENCE = On;
				SWIFT_VERSION = 4.0;
				TARGETED_DEVICE_FAMILY = 4;
				WATCHOS_DEPLOYMENT_TARGET = 3.0;
			};
			name = Release;
		};
		E1A264991D932C8A0058EF30 /* Debug */ = {
			isa = XCBuildConfiguration;
			buildSettings = {
				ASSETCATALOG_COMPILER_APPICON_NAME = AppIcon;
				DEVELOPMENT_TEAM = P6DBU8DWFF;
				INFOPLIST_FILE = WatchText/Info.plist;
				LD_RUNPATH_SEARCH_PATHS = "$(inherited) @executable_path/Frameworks";
				PRODUCT_BUNDLE_IDENTIFIER = com.makeAppPie.WatchText;
				PRODUCT_NAME = "$(TARGET_NAME)";
				SWIFT_SWIFT3_OBJC_INFERENCE = Default;
				SWIFT_VERSION = 4.0;
			};
			name = Debug;
		};
		E1A2649A1D932C8A0058EF30 /* Release */ = {
			isa = XCBuildConfiguration;
			buildSettings = {
				ASSETCATALOG_COMPILER_APPICON_NAME = AppIcon;
				DEVELOPMENT_TEAM = P6DBU8DWFF;
				INFOPLIST_FILE = WatchText/Info.plist;
				LD_RUNPATH_SEARCH_PATHS = "$(inherited) @executable_path/Frameworks";
				PRODUCT_BUNDLE_IDENTIFIER = com.makeAppPie.WatchText;
				PRODUCT_NAME = "$(TARGET_NAME)";
				SWIFT_SWIFT3_OBJC_INFERENCE = Default;
				SWIFT_VERSION = 4.0;
			};
			name = Release;
		};
/* End XCBuildConfiguration section */

/* Begin XCConfigurationList section */
		E1A2645C1D932C8A0058EF30 /* Build configuration list for PBXProject "WatchText" */ = {
			isa = XCConfigurationList;
			buildConfigurations = (
				E1A2648E1D932C8A0058EF30 /* Debug */,
				E1A2648F1D932C8A0058EF30 /* Release */,
			);
			defaultConfigurationIsVisible = 0;
			defaultConfigurationName = Release;
		};
		E1A264901D932C8A0058EF30 /* Build configuration list for PBXNativeTarget "WatchText WatchKit Extension" */ = {
			isa = XCConfigurationList;
			buildConfigurations = (
				E1A264911D932C8A0058EF30 /* Debug */,
				E1A264921D932C8A0058EF30 /* Release */,
			);
			defaultConfigurationIsVisible = 0;
			defaultConfigurationName = Release;
		};
		E1A264941D932C8A0058EF30 /* Build configuration list for PBXNativeTarget "WatchText WatchKit App" */ = {
			isa = XCConfigurationList;
			buildConfigurations = (
				E1A264951D932C8A0058EF30 /* Debug */,
				E1A264961D932C8A0058EF30 /* Release */,
			);
			defaultConfigurationIsVisible = 0;
			defaultConfigurationName = Release;
		};
		E1A264981D932C8A0058EF30 /* Build configuration list for PBXNativeTarget "WatchText" */ = {
			isa = XCConfigurationList;
			buildConfigurations = (
				E1A264991D932C8A0058EF30 /* Debug */,
				E1A2649A1D932C8A0058EF30 /* Release */,
			);
			defaultConfigurationIsVisible = 0;
			defaultConfigurationName = Release;
		};
/* End XCConfigurationList section */
	};
	rootObject = E1A264591D932C8A0058EF30 /* Project object */;
}
